
Microsoft Visual Studio Solution File, Format Version 12.00
# Visual Studio Version 16
VisualStudioVersion = 16.0.30011.22
MinimumVisualStudioVersion = 10.0.40219.1
Project("{FAE04EC0-301F-11D3-BF4B-00C04F79EFBC}") = "Barotrauma-Save-Decompressor", "Barotrauma-Save-Decompressor\Barotrauma-Save-Decompressor.csproj", "{6DD3A1FC-CA4B-453C-A46B-53EF0CABD160}"
EndProject
Global
	GlobalSection(SolutionConfigurationPlatforms) = preSolution
		Debug|Any CPU = Debug|Any CPU
		Release|Any CPU = Release|Any CPU
	EndGlobalSection
	GlobalSection(ProjectConfigurationPlatforms) = postSolution
		{6DD3A1FC-CA4B-453C-A46B-53EF0CABD160}.Debug|Any CPU.ActiveCfg = Debug|Any CPU
		{6DD3A1FC-CA4B-453C-A46B-53EF0CABD160}.Debug|Any CPU.Build.0 = Debug|Any CPU
		{6DD3A1FC-CA4B-453C-A46B-53EF0CABD160}.Release|Any CPU.ActiveCfg = Release|Any CPU
		{6DD3A1FC-CA4B-453C-A46B-53EF0CABD160}.Release|Any CPU.Build.0 = Release|Any CPU
	EndGlobalSection
	GlobalSection(SolutionProperties) = preSolution
		HideSolutionNode = FALSE
	EndGlobalSection
	GlobalSection(ExtensibilityGlobals) = postSolution
		SolutionGuid = {0308C2BA-BF67-4405-B44B-B50492569826}
	EndGlobalSection
EndGlobal
